// !$*UTF8*$!
{
	archiveVersion = 1;
	classes = {
	};
	objectVersion = 52;
	objects = {

/* Begin PBXBuildFile section */
		5443CEFC1FE38EA8002D4086 /* HTKEventListener.m in Sources */ = {isa = PBXBuildFile; fileRef = 5443CEFB1FE38EA8002D4086 /* HTKEventListener.m */; };
		5443CEFF1FE38F6C002D4086 /* HTKEvent.m in Sources */ = {isa = PBXBuildFile; fileRef = 5443CEFE1FE38F6C002D4086 /* HTKEvent.m */; };
		5443CF051FE39049002D4086 /* HTKFunctionKeyEventListener.m in Sources */ = {isa = PBXBuildFile; fileRef = 5443CF041FE39049002D4086 /* HTKFunctionKeyEventListener.m */; };
		5443CF081FE39293002D4086 /* HTKTapGestureEventListener.m in Sources */ = {isa = PBXBuildFile; fileRef = 5443CF071FE39293002D4086 /* HTKTapGestureEventListener.m */; };
		5443CF0D1FE394BB002D4086 /* HTKHapticFeedback.m in Sources */ = {isa = PBXBuildFile; fileRef = 5443CF0C1FE394BB002D4086 /* HTKHapticFeedback.m */; };
		544C76362017311500FF155C /* HTKLoginItem.m in Sources */ = {isa = PBXBuildFile; fileRef = 544C76352017311500FF155C /* HTKLoginItem.m */; };
		5451D76C2569093000758615 /* Sparkle in Frameworks */ = {isa = PBXBuildFile; productRef = 5451D76B2569093000758615 /* Sparkle */; };
		545E325A2426BC5E00FBF9B9 /* HTKStatusItemMenuController.m in Sources */ = {isa = PBXBuildFile; fileRef = 545E32592426BC5E00FBF9B9 /* HTKStatusItemMenuController.m */; };
		546E62F71FE24A1D00F287C9 /* HTKEventTap.m in Sources */ = {isa = PBXBuildFile; fileRef = 546E62F61FE24A1D00F287C9 /* HTKEventTap.m */; };
		5480AC60242B1BC000344DA5 /* HTKAudioPlayer.m in Sources */ = {isa = PBXBuildFile; fileRef = 5480AC5F242B1BC000344DA5 /* HTKAudioPlayer.m */; };
		548E153B1FD00412001C0D4C /* HTKAppDelegate.m in Sources */ = {isa = PBXBuildFile; fileRef = 548E153A1FD00412001C0D4C /* HTKAppDelegate.m */; };
		548E15401FD00412001C0D4C /* MainMenu.xib in Resources */ = {isa = PBXBuildFile; fileRef = 548E153E1FD00412001C0D4C /* MainMenu.xib */; };
		548E15431FD00412001C0D4C /* main.m in Sources */ = {isa = PBXBuildFile; fileRef = 548E15421FD00412001C0D4C /* main.m */; };
		54942E882021B149003507D8 /* dsa_pub.pem in Resources */ = {isa = PBXBuildFile; fileRef = 54942E872021B149003507D8 /* dsa_pub.pem */; };
		549F9236200AF543003A8D7B /* HTKTimer.m in Sources */ = {isa = PBXBuildFile; fileRef = 549F9235200AF543003A8D7B /* HTKTimer.m */; };
		54A310B81FD390EB002DE7BC /* MultitouchSupport.framework in Frameworks */ = {isa = PBXBuildFile; fileRef = 54A310B71FD390EB002DE7BC /* MultitouchSupport.framework */; };
		54E1E0941FE4613F007F2EE0 /* Localizable.strings in Resources */ = {isa = PBXBuildFile; fileRef = 54E1E0961FE4613F007F2EE0 /* Localizable.strings */; };
		54FBCF291FD4CDE0000EB4D3 /* HTKMultitouchActuator.m in Sources */ = {isa = PBXBuildFile; fileRef = 54FBCF281FD4CDE0000EB4D3 /* HTKMultitouchActuator.m */; };
		54FBCF321FD52483000EB4D3 /* AppIcon.icns in Resources */ = {isa = PBXBuildFile; fileRef = 54FBCF301FD52483000EB4D3 /* AppIcon.icns */; };
		54FBCF331FD52483000EB4D3 /* StatusItem.pdf in Resources */ = {isa = PBXBuildFile; fileRef = 54FBCF311FD52483000EB4D3 /* StatusItem.pdf */; };
/* End PBXBuildFile section */

/* Begin PBXFileReference section */
		17DB7DCD200A4F4600947159 /* zh-Hans */ = {isa = PBXFileReference; fileEncoding = 10; lastKnownFileType = text.plist.strings; name = "zh-Hans"; path = "zh-Hans.lproj/Localizable.strings"; sourceTree = "<group>"; };
		17DB7DCE200A4F4D00947159 /* zh-Hant */ = {isa = PBXFileReference; fileEncoding = 10; lastKnownFileType = text.plist.strings; name = "zh-Hant"; path = "zh-Hant.lproj/Localizable.strings"; sourceTree = "<group>"; };
		54422E232427F407003F8E72 /* BuildPhases */ = {isa = PBXFileReference; lastKnownFileType = folder; path = BuildPhases; sourceTree = "<group>"; };
		5443CEFA1FE38EA8002D4086 /* HTKEventListener.h */ = {isa = PBXFileReference; lastKnownFileType = sourcecode.c.h; path = HTKEventListener.h; sourceTree = "<group>"; };
		5443CEFB1FE38EA8002D4086 /* HTKEventListener.m */ = {isa = PBXFileReference; lastKnownFileType = sourcecode.c.objc; path = HTKEventListener.m; sourceTree = "<group>"; };
		5443CEFD1FE38F6C002D4086 /* HTKEvent.h */ = {isa = PBXFileReference; lastKnownFileType = sourcecode.c.h; path = HTKEvent.h; sourceTree = "<group>"; };
		5443CEFE1FE38F6C002D4086 /* HTKEvent.m */ = {isa = PBXFileReference; lastKnownFileType = sourcecode.c.objc; path = HTKEvent.m; sourceTree = "<group>"; };
		5443CF031FE39049002D4086 /* HTKFunctionKeyEventListener.h */ = {isa = PBXFileReference; lastKnownFileType = sourcecode.c.h; path = HTKFunctionKeyEventListener.h; sourceTree = "<group>"; };
		5443CF041FE39049002D4086 /* HTKFunctionKeyEventListener.m */ = {isa = PBXFileReference; lastKnownFileType = sourcecode.c.objc; path = HTKFunctionKeyEventListener.m; sourceTree = "<group>"; };
		5443CF061FE39293002D4086 /* HTKTapGestureEventListener.h */ = {isa = PBXFileReference; lastKnownFileType = sourcecode.c.h; path = HTKTapGestureEventListener.h; sourceTree = "<group>"; };
		5443CF071FE39293002D4086 /* HTKTapGestureEventListener.m */ = {isa = PBXFileReference; lastKnownFileType = sourcecode.c.objc; path = HTKTapGestureEventListener.m; sourceTree = "<group>"; };
		5443CF0B1FE394BB002D4086 /* HTKHapticFeedback.h */ = {isa = PBXFileReference; lastKnownFileType = sourcecode.c.h; path = HTKHapticFeedback.h; sourceTree = "<group>"; };
		5443CF0C1FE394BB002D4086 /* HTKHapticFeedback.m */ = {isa = PBXFileReference; lastKnownFileType = sourcecode.c.objc; path = HTKHapticFeedback.m; sourceTree = "<group>"; };
		544C76342017311500FF155C /* HTKLoginItem.h */ = {isa = PBXFileReference; lastKnownFileType = sourcecode.c.h; path = HTKLoginItem.h; sourceTree = "<group>"; };
		544C76352017311500FF155C /* HTKLoginItem.m */ = {isa = PBXFileReference; lastKnownFileType = sourcecode.c.objc; path = HTKLoginItem.m; sourceTree = "<group>"; };
		545E32582426BC5E00FBF9B9 /* HTKStatusItemMenuController.h */ = {isa = PBXFileReference; lastKnownFileType = sourcecode.c.h; path = HTKStatusItemMenuController.h; sourceTree = "<group>"; };
		545E32592426BC5E00FBF9B9 /* HTKStatusItemMenuController.m */ = {isa = PBXFileReference; lastKnownFileType = sourcecode.c.objc; path = HTKStatusItemMenuController.m; sourceTree = "<group>"; };
		546E62F41FE2449600F287C9 /* NSTouchDevice.h */ = {isa = PBXFileReference; lastKnownFileType = sourcecode.c.h; path = NSTouchDevice.h; sourceTree = "<group>"; };
		546E62F51FE24A1D00F287C9 /* HTKEventTap.h */ = {isa = PBXFileReference; lastKnownFileType = sourcecode.c.h; path = HTKEventTap.h; sourceTree = "<group>"; };
		546E62F61FE24A1D00F287C9 /* HTKEventTap.m */ = {isa = PBXFileReference; lastKnownFileType = sourcecode.c.objc; path = HTKEventTap.m; sourceTree = "<group>"; };
		5480AC5E242B1BC000344DA5 /* HTKAudioPlayer.h */ = {isa = PBXFileReference; lastKnownFileType = sourcecode.c.h; path = HTKAudioPlayer.h; sourceTree = "<group>"; };
		5480AC5F242B1BC000344DA5 /* HTKAudioPlayer.m */ = {isa = PBXFileReference; lastKnownFileType = sourcecode.c.objc; path = HTKAudioPlayer.m; sourceTree = "<group>"; };
		548E15361FD00412001C0D4C /* HapticKey.app */ = {isa = PBXFileReference; explicitFileType = wrapper.application; includeInIndex = 0; path = HapticKey.app; sourceTree = BUILT_PRODUCTS_DIR; };
		548E15391FD00412001C0D4C /* HTKAppDelegate.h */ = {isa = PBXFileReference; lastKnownFileType = sourcecode.c.h; path = HTKAppDelegate.h; sourceTree = "<group>"; };
		548E153A1FD00412001C0D4C /* HTKAppDelegate.m */ = {isa = PBXFileReference; lastKnownFileType = sourcecode.c.objc; path = HTKAppDelegate.m; sourceTree = "<group>"; };
		548E153F1FD00412001C0D4C /* Base */ = {isa = PBXFileReference; lastKnownFileType = file.xib; name = Base; path = Base.lproj/MainMenu.xib; sourceTree = "<group>"; };
		548E15411FD00412001C0D4C /* Info.plist */ = {isa = PBXFileReference; lastKnownFileType = text.plist.xml; path = Info.plist; sourceTree = "<group>"; };
		548E15421FD00412001C0D4C /* main.m */ = {isa = PBXFileReference; lastKnownFileType = sourcecode.c.objc; path = main.m; sourceTree = "<group>"; };
		54942E872021B149003507D8 /* dsa_pub.pem */ = {isa = PBXFileReference; fileEncoding = 4; lastKnownFileType = text; path = dsa_pub.pem; sourceTree = "<group>"; };
		549F9234200AF543003A8D7B /* HTKTimer.h */ = {isa = PBXFileReference; lastKnownFileType = sourcecode.c.h; path = HTKTimer.h; sourceTree = "<group>"; };
		549F9235200AF543003A8D7B /* HTKTimer.m */ = {isa = PBXFileReference; lastKnownFileType = sourcecode.c.objc; path = HTKTimer.m; sourceTree = "<group>"; };
		54A310B71FD390EB002DE7BC /* MultitouchSupport.framework */ = {isa = PBXFileReference; lastKnownFileType = wrapper.framework; name = MultitouchSupport.framework; path = ../../../../../../../System/Library/PrivateFrameworks/MultitouchSupport.framework; sourceTree = "<group>"; };
		54E1E0951FE4613F007F2EE0 /* en */ = {isa = PBXFileReference; fileEncoding = 10; lastKnownFileType = text.plist.strings; name = en; path = en.lproj/Localizable.strings; sourceTree = "<group>"; };
		54E1E0971FE4614F007F2EE0 /* Base */ = {isa = PBXFileReference; fileEncoding = 10; lastKnownFileType = text.plist.strings; name = Base; path = Base.lproj/Localizable.strings; sourceTree = "<group>"; };
		54E1E0981FE4621E007F2EE0 /* ja */ = {isa = PBXFileReference; fileEncoding = 10; lastKnownFileType = text.plist.strings; name = ja; path = ja.lproj/Localizable.strings; sourceTree = "<group>"; };
		54FBCF271FD4CDE0000EB4D3 /* HTKMultitouchActuator.h */ = {isa = PBXFileReference; lastKnownFileType = sourcecode.c.h; path = HTKMultitouchActuator.h; sourceTree = "<group>"; };
		54FBCF281FD4CDE0000EB4D3 /* HTKMultitouchActuator.m */ = {isa = PBXFileReference; lastKnownFileType = sourcecode.c.objc; path = HTKMultitouchActuator.m; sourceTree = "<group>"; };
		54FBCF301FD52483000EB4D3 /* AppIcon.icns */ = {isa = PBXFileReference; lastKnownFileType = image.icns; path = AppIcon.icns; sourceTree = "<group>"; };
		54FBCF311FD52483000EB4D3 /* StatusItem.pdf */ = {isa = PBXFileReference; lastKnownFileType = image.pdf; path = StatusItem.pdf; sourceTree = "<group>"; };
/* End PBXFileReference section */

/* Begin PBXFrameworksBuildPhase section */
		548E15331FD00412001C0D4C /* Frameworks */ = {
			isa = PBXFrameworksBuildPhase;
			buildActionMask = 2147483647;
			files = (
				54A310B81FD390EB002DE7BC /* MultitouchSupport.framework in Frameworks */,
				5451D76C2569093000758615 /* Sparkle in Frameworks */,
			);
			runOnlyForDeploymentPostprocessing = 0;
		};
/* End PBXFrameworksBuildPhase section */

/* Begin PBXGroup section */
		548E152D1FD00412001C0D4C = {
			isa = PBXGroup;
			children = (
				548E15381FD00412001C0D4C /* HapticKey */,
				548E15371FD00412001C0D4C /* Products */,
				54A310B61FD390EA002DE7BC /* Frameworks */,
			);
			sourceTree = "<group>";
		};
		548E15371FD00412001C0D4C /* Products */ = {
			isa = PBXGroup;
			children = (
				548E15361FD00412001C0D4C /* HapticKey.app */,
			);
			name = Products;
			sourceTree = "<group>";
		};
		548E15381FD00412001C0D4C /* HapticKey */ = {
			isa = PBXGroup;
			children = (
				54422E232427F407003F8E72 /* BuildPhases */,
				54CDDBF11FE44F33005F35A1 /* Classes */,
				548E15411FD00412001C0D4C /* Info.plist */,
				548E15421FD00412001C0D4C /* main.m */,
				54FBCF2F1FD52469000EB4D3 /* Resources */,
			);
			path = HapticKey;
			sourceTree = "<group>";
		};
		54A310B61FD390EA002DE7BC /* Frameworks */ = {
			isa = PBXGroup;
			children = (
				54A310B71FD390EB002DE7BC /* MultitouchSupport.framework */,
			);
			name = Frameworks;
			sourceTree = "<group>";
		};
		54CDDBF11FE44F33005F35A1 /* Classes */ = {
			isa = PBXGroup;
			children = (
				548E15391FD00412001C0D4C /* HTKAppDelegate.h */,
				548E153A1FD00412001C0D4C /* HTKAppDelegate.m */,
				5480AC5E242B1BC000344DA5 /* HTKAudioPlayer.h */,
				5480AC5F242B1BC000344DA5 /* HTKAudioPlayer.m */,
				5443CEFD1FE38F6C002D4086 /* HTKEvent.h */,
				5443CEFE1FE38F6C002D4086 /* HTKEvent.m */,
				5443CEFA1FE38EA8002D4086 /* HTKEventListener.h */,
				5443CEFB1FE38EA8002D4086 /* HTKEventListener.m */,
				546E62F51FE24A1D00F287C9 /* HTKEventTap.h */,
				546E62F61FE24A1D00F287C9 /* HTKEventTap.m */,
				5443CF031FE39049002D4086 /* HTKFunctionKeyEventListener.h */,
				5443CF041FE39049002D4086 /* HTKFunctionKeyEventListener.m */,
				5443CF0B1FE394BB002D4086 /* HTKHapticFeedback.h */,
				5443CF0C1FE394BB002D4086 /* HTKHapticFeedback.m */,
				544C76342017311500FF155C /* HTKLoginItem.h */,
				544C76352017311500FF155C /* HTKLoginItem.m */,
				54FBCF271FD4CDE0000EB4D3 /* HTKMultitouchActuator.h */,
				54FBCF281FD4CDE0000EB4D3 /* HTKMultitouchActuator.m */,
				545E32582426BC5E00FBF9B9 /* HTKStatusItemMenuController.h */,
				545E32592426BC5E00FBF9B9 /* HTKStatusItemMenuController.m */,
				5443CF061FE39293002D4086 /* HTKTapGestureEventListener.h */,
				5443CF071FE39293002D4086 /* HTKTapGestureEventListener.m */,
				549F9234200AF543003A8D7B /* HTKTimer.h */,
				549F9235200AF543003A8D7B /* HTKTimer.m */,
				546E62F41FE2449600F287C9 /* NSTouchDevice.h */,
			);
			path = Classes;
			sourceTree = "<group>";
		};
		54FBCF2F1FD52469000EB4D3 /* Resources */ = {
			isa = PBXGroup;
			children = (
				54FBCF301FD52483000EB4D3 /* AppIcon.icns */,
				54942E872021B149003507D8 /* dsa_pub.pem */,
				54E1E0961FE4613F007F2EE0 /* Localizable.strings */,
				548E153E1FD00412001C0D4C /* MainMenu.xib */,
				54FBCF311FD52483000EB4D3 /* StatusItem.pdf */,
			);
			path = Resources;
			sourceTree = "<group>";
		};
/* End PBXGroup section */

/* Begin PBXNativeTarget section */
		548E15351FD00412001C0D4C /* HapticKey */ = {
			isa = PBXNativeTarget;
			buildConfigurationList = 548E15471FD00412001C0D4C /* Build configuration list for PBXNativeTarget "HapticKey" */;
			buildPhases = (
				545A58352427EE3C00E92AE9 /* Update Info.plist Prefix Header */,
				548E15321FD00412001C0D4C /* Sources */,
				548E15331FD00412001C0D4C /* Frameworks */,
				548E15341FD00412001C0D4C /* Resources */,
			);
			buildRules = (
			);
			dependencies = (
			);
			name = HapticKey;
			packageProductDependencies = (
				5451D76B2569093000758615 /* Sparkle */,
			);
			productName = HapticKey;
			productReference = 548E15361FD00412001C0D4C /* HapticKey.app */;
			productType = "com.apple.product-type.application";
		};
/* End PBXNativeTarget section */

/* Begin PBXProject section */
		548E152E1FD00412001C0D4C /* Project object */ = {
			isa = PBXProject;
			attributes = {
				LastUpgradeCheck = 1240;
				ORGANIZATIONNAME = "Yoshimasa Niwa";
				TargetAttributes = {
					548E15351FD00412001C0D4C = {
						CreatedOnToolsVersion = 9.1;
					};
				};
			};
			buildConfigurationList = 548E15311FD00412001C0D4C /* Build configuration list for PBXProject "HapticKey" */;
			compatibilityVersion = "Xcode 8.0";
			developmentRegion = en;
			hasScannedForEncodings = 0;
			knownRegions = (
				en,
				Base,
				ja,
				"zh-Hans",
				"zh-Hant",
			);
			mainGroup = 548E152D1FD00412001C0D4C;
			packageReferences = (
				5451D76A2569093000758615 /* XCRemoteSwiftPackageReference "Sparkle" */,
			);
			productRefGroup = 548E15371FD00412001C0D4C /* Products */;
			projectDirPath = "";
			projectRoot = "";
			targets = (
				548E15351FD00412001C0D4C /* HapticKey */,
			);
		};
/* End PBXProject section */

/* Begin PBXResourcesBuildPhase section */
		548E15341FD00412001C0D4C /* Resources */ = {
			isa = PBXResourcesBuildPhase;
			buildActionMask = 2147483647;
			files = (
				54942E882021B149003507D8 /* dsa_pub.pem in Resources */,
				54FBCF331FD52483000EB4D3 /* StatusItem.pdf in Resources */,
				54E1E0941FE4613F007F2EE0 /* Localizable.strings in Resources */,
				548E15401FD00412001C0D4C /* MainMenu.xib in Resources */,
				54FBCF321FD52483000EB4D3 /* AppIcon.icns in Resources */,
			);
			runOnlyForDeploymentPostprocessing = 0;
		};
/* End PBXResourcesBuildPhase section */

/* Begin PBXShellScriptBuildPhase section */
		545A58352427EE3C00E92AE9 /* Update Info.plist Prefix Header */ = {
			isa = PBXShellScriptBuildPhase;
			buildActionMask = 2147483647;
			files = (
			);
			inputFileListPaths = (
			);
			inputPaths = (
				/dev/null,
			);
			name = "Update Info.plist Prefix Header";
			outputFileListPaths = (
			);
			outputPaths = (
				"$(INFOPLIST_PREFIX_HEADER)",
				"$(INFOPLIST_FILE)",
			);
			runOnlyForDeploymentPostprocessing = 0;
			shellPath = /bin/sh;
			shellScript = "exec ${PROJECT_DIR}/HapticKey/BuildPhases/UpdateInfoPlistPrefixHeader.sh\n";
			showEnvVarsInLog = 0;
		};
/* End PBXShellScriptBuildPhase section */

/* Begin PBXSourcesBuildPhase section */
		548E15321FD00412001C0D4C /* Sources */ = {
			isa = PBXSourcesBuildPhase;
			buildActionMask = 2147483647;
			files = (
				5443CF0D1FE394BB002D4086 /* HTKHapticFeedback.m in Sources */,
				5480AC60242B1BC000344DA5 /* HTKAudioPlayer.m in Sources */,
				549F9236200AF543003A8D7B /* HTKTimer.m in Sources */,
				5443CEFF1FE38F6C002D4086 /* HTKEvent.m in Sources */,
				548E15431FD00412001C0D4C /* main.m in Sources */,
				544C76362017311500FF155C /* HTKLoginItem.m in Sources */,
				5443CF081FE39293002D4086 /* HTKTapGestureEventListener.m in Sources */,
				548E153B1FD00412001C0D4C /* HTKAppDelegate.m in Sources */,
				5443CEFC1FE38EA8002D4086 /* HTKEventListener.m in Sources */,
				546E62F71FE24A1D00F287C9 /* HTKEventTap.m in Sources */,
				5443CF051FE39049002D4086 /* HTKFunctionKeyEventListener.m in Sources */,
				54FBCF291FD4CDE0000EB4D3 /* HTKMultitouchActuator.m in Sources */,
				545E325A2426BC5E00FBF9B9 /* HTKStatusItemMenuController.m in Sources */,
			);
			runOnlyForDeploymentPostprocessing = 0;
		};
/* End PBXSourcesBuildPhase section */

/* Begin PBXVariantGroup section */
		548E153E1FD00412001C0D4C /* MainMenu.xib */ = {
			isa = PBXVariantGroup;
			children = (
				548E153F1FD00412001C0D4C /* Base */,
			);
			name = MainMenu.xib;
			sourceTree = "<group>";
		};
		54E1E0961FE4613F007F2EE0 /* Localizable.strings */ = {
			isa = PBXVariantGroup;
			children = (
				54E1E0951FE4613F007F2EE0 /* en */,
				54E1E0971FE4614F007F2EE0 /* Base */,
				54E1E0981FE4621E007F2EE0 /* ja */,
				17DB7DCD200A4F4600947159 /* zh-Hans */,
				17DB7DCE200A4F4D00947159 /* zh-Hant */,
			);
			name = Localizable.strings;
			sourceTree = "<group>";
		};
/* End PBXVariantGroup section */

/* Begin XCBuildConfiguration section */
		548E15451FD00412001C0D4C /* Debug */ = {
			isa = XCBuildConfiguration;
			buildSettings = {
				ALWAYS_SEARCH_USER_PATHS = NO;
				CLANG_ANALYZER_LOCALIZABILITY_NONLOCALIZED = YES;
				CLANG_ANALYZER_NONNULL = YES;
				CLANG_ANALYZER_NUMBER_OBJECT_CONVERSION = YES_AGGRESSIVE;
				CLANG_CXX_LANGUAGE_STANDARD = "gnu++14";
				CLANG_CXX_LIBRARY = "libc++";
				CLANG_ENABLE_MODULES = YES;
				CLANG_ENABLE_OBJC_ARC = YES;
				CLANG_WARN_BLOCK_CAPTURE_AUTORELEASING = YES;
				CLANG_WARN_BOOL_CONVERSION = YES;
				CLANG_WARN_COMMA = YES;
				CLANG_WARN_CONSTANT_CONVERSION = YES;
				CLANG_WARN_DEPRECATED_OBJC_IMPLEMENTATIONS = YES;
				CLANG_WARN_DIRECT_OBJC_ISA_USAGE = YES_ERROR;
				CLANG_WARN_DOCUMENTATION_COMMENTS = YES;
				CLANG_WARN_EMPTY_BODY = YES;
				CLANG_WARN_ENUM_CONVERSION = YES;
				CLANG_WARN_INFINITE_RECURSION = YES;
				CLANG_WARN_INT_CONVERSION = YES;
				CLANG_WARN_NON_LITERAL_NULL_CONVERSION = YES;
				CLANG_WARN_OBJC_IMPLICIT_RETAIN_SELF = YES;
				CLANG_WARN_OBJC_LITERAL_CONVERSION = YES;
				CLANG_WARN_OBJC_ROOT_CLASS = YES_ERROR;
				CLANG_WARN_QUOTED_INCLUDE_IN_FRAMEWORK_HEADER = YES;
				CLANG_WARN_RANGE_LOOP_ANALYSIS = YES;
				CLANG_WARN_STRICT_PROTOTYPES = YES;
				CLANG_WARN_SUSPICIOUS_MOVE = YES;
				CLANG_WARN_UNGUARDED_AVAILABILITY = YES_AGGRESSIVE;
				CLANG_WARN_UNREACHABLE_CODE = YES;
				CLANG_WARN__DUPLICATE_METHOD_MATCH = YES;
				COPY_PHASE_STRIP = NO;
				DEBUG_INFORMATION_FORMAT = dwarf;
				ENABLE_STRICT_OBJC_MSGSEND = YES;
				ENABLE_TESTABILITY = YES;
				GCC_C_LANGUAGE_STANDARD = gnu11;
				GCC_DYNAMIC_NO_PIC = NO;
				GCC_NO_COMMON_BLOCKS = YES;
				GCC_OPTIMIZATION_LEVEL = 0;
				GCC_PREPROCESSOR_DEFINITIONS = (
					"DEBUG=1",
					"$(inherited)",
				);
				GCC_WARN_64_TO_32_BIT_CONVERSION = YES;
				GCC_WARN_ABOUT_RETURN_TYPE = YES_ERROR;
				GCC_WARN_UNDECLARED_SELECTOR = YES;
				GCC_WARN_UNINITIALIZED_AUTOS = YES_AGGRESSIVE;
				GCC_WARN_UNUSED_FUNCTION = YES;
				GCC_WARN_UNUSED_VARIABLE = YES;
				MACOSX_DEPLOYMENT_TARGET = 10.12;
				MTL_ENABLE_DEBUG_INFO = YES;
				ONLY_ACTIVE_ARCH = YES;
				SDKROOT = macosx;
			};
			name = Debug;
		};
		548E15461FD00412001C0D4C /* Release */ = {
			isa = XCBuildConfiguration;
			buildSettings = {
				ALWAYS_SEARCH_USER_PATHS = NO;
				CLANG_ANALYZER_LOCALIZABILITY_NONLOCALIZED = YES;
				CLANG_ANALYZER_NONNULL = YES;
				CLANG_ANALYZER_NUMBER_OBJECT_CONVERSION = YES_AGGRESSIVE;
				CLANG_CXX_LANGUAGE_STANDARD = "gnu++14";
				CLANG_CXX_LIBRARY = "libc++";
				CLANG_ENABLE_MODULES = YES;
				CLANG_ENABLE_OBJC_ARC = YES;
				CLANG_WARN_BLOCK_CAPTURE_AUTORELEASING = YES;
				CLANG_WARN_BOOL_CONVERSION = YES;
				CLANG_WARN_COMMA = YES;
				CLANG_WARN_CONSTANT_CONVERSION = YES;
				CLANG_WARN_DEPRECATED_OBJC_IMPLEMENTATIONS = YES;
				CLANG_WARN_DIRECT_OBJC_ISA_USAGE = YES_ERROR;
				CLANG_WARN_DOCUMENTATION_COMMENTS = YES;
				CLANG_WARN_EMPTY_BODY = YES;
				CLANG_WARN_ENUM_CONVERSION = YES;
				CLANG_WARN_INFINITE_RECURSION = YES;
				CLANG_WARN_INT_CONVERSION = YES;
				CLANG_WARN_NON_LITERAL_NULL_CONVERSION = YES;
				CLANG_WARN_OBJC_IMPLICIT_RETAIN_SELF = YES;
				CLANG_WARN_OBJC_LITERAL_CONVERSION = YES;
				CLANG_WARN_OBJC_ROOT_CLASS = YES_ERROR;
				CLANG_WARN_QUOTED_INCLUDE_IN_FRAMEWORK_HEADER = YES;
				CLANG_WARN_RANGE_LOOP_ANALYSIS = YES;
				CLANG_WARN_STRICT_PROTOTYPES = YES;
				CLANG_WARN_SUSPICIOUS_MOVE = YES;
				CLANG_WARN_UNGUARDED_AVAILABILITY = YES_AGGRESSIVE;
				CLANG_WARN_UNREACHABLE_CODE = YES;
				CLANG_WARN__DUPLICATE_METHOD_MATCH = YES;
				COPY_PHASE_STRIP = NO;
				DEBUG_INFORMATION_FORMAT = "dwarf-with-dsym";
				ENABLE_NS_ASSERTIONS = NO;
				ENABLE_STRICT_OBJC_MSGSEND = YES;
				GCC_C_LANGUAGE_STANDARD = gnu11;
				GCC_NO_COMMON_BLOCKS = YES;
				GCC_WARN_64_TO_32_BIT_CONVERSION = YES;
				GCC_WARN_ABOUT_RETURN_TYPE = YES_ERROR;
				GCC_WARN_UNDECLARED_SELECTOR = YES;
				GCC_WARN_UNINITIALIZED_AUTOS = YES_AGGRESSIVE;
				GCC_WARN_UNUSED_FUNCTION = YES;
				GCC_WARN_UNUSED_VARIABLE = YES;
				MACOSX_DEPLOYMENT_TARGET = 10.12;
				MTL_ENABLE_DEBUG_INFO = NO;
				SDKROOT = macosx;
			};
			name = Release;
		};
		548E15481FD00412001C0D4C /* Debug */ = {
			isa = XCBuildConfiguration;
			buildSettings = {
				COMBINE_HIDPI_IMAGES = YES;
				FRAMEWORK_SEARCH_PATHS = (
					"$(inherited)",
					"$(SYSTEM_LIBRARY_DIR)/PrivateFrameworks",
				);
				INFOPLIST_FILE = HapticKey/Info.plist;
				INFOPLIST_OTHER_PREPROCESSOR_FLAGS = "-traditional";
				INFOPLIST_PREFIX_HEADER = "$(DERIVED_FILE_DIR)/InfoPlist-Prefix.h";
				INFOPLIST_PREPROCESS = YES;
				LD_RUNPATH_SEARCH_PATHS = (
					"$(inherited)",
					"@executable_path/../Frameworks",
				);
				PRODUCT_BUNDLE_IDENTIFIER = at.niw.HapticKey;
				PRODUCT_NAME = "$(TARGET_NAME)";
			};
			name = Debug;
		};
		548E15491FD00412001C0D4C /* Release */ = {
			isa = XCBuildConfiguration;
			buildSettings = {
				COMBINE_HIDPI_IMAGES = YES;
				FRAMEWORK_SEARCH_PATHS = (
					"$(inherited)",
					"$(SYSTEM_LIBRARY_DIR)/PrivateFrameworks",
				);
				INFOPLIST_FILE = HapticKey/Info.plist;
				INFOPLIST_OTHER_PREPROCESSOR_FLAGS = "-traditional";
				INFOPLIST_PREFIX_HEADER = "$(DERIVED_FILE_DIR)/InfoPlist-Prefix.h";
				INFOPLIST_PREPROCESS = YES;
				LD_RUNPATH_SEARCH_PATHS = (
					"$(inherited)",
					"@executable_path/../Frameworks",
				);
				PRODUCT_BUNDLE_IDENTIFIER = at.niw.HapticKey;
				PRODUCT_NAME = "$(TARGET_NAME)";
			};
			name = Release;
		};
/* End XCBuildConfiguration section */

/* Begin XCConfigurationList section */
		548E15311FD00412001C0D4C /* Build configuration list for PBXProject "HapticKey" */ = {
			isa = XCConfigurationList;
			buildConfigurations = (
				548E15451FD00412001C0D4C /* Debug */,
				548E15461FD00412001C0D4C /* Release */,
			);
			defaultConfigurationIsVisible = 0;
			defaultConfigurationName = Release;
		};
		548E15471FD00412001C0D4C /* Build configuration list for PBXNativeTarget "HapticKey" */ = {
			isa = XCConfigurationList;
			buildConfigurations = (
				548E15481FD00412001C0D4C /* Debug */,
				548E15491FD00412001C0D4C /* Release */,
			);
			defaultConfigurationIsVisible = 0;
			defaultConfigurationName = Release;
		};
/* End XCConfigurationList section */

/* Begin XCRemoteSwiftPackageReference section */
		5451D76A2569093000758615 /* XCRemoteSwiftPackageReference "Sparkle" */ = {
			isa = XCRemoteSwiftPackageReference;
			repositoryURL = "https://github.com/sparkle-project/Sparkle";
			requirement = {
				kind = upToNextMinorVersion;
				minimumVersion = 1.26.0;
			};
		};
/* End XCRemoteSwiftPackageReference section */

/* Begin XCSwiftPackageProductDependency section */
		5451D76B2569093000758615 /* Sparkle */ = {
			isa = XCSwiftPackageProductDependency;
			package = 5451D76A2569093000758615 /* XCRemoteSwiftPackageReference "Sparkle" */;
			productName = Sparkle;
		};
/* End XCSwiftPackageProductDependency section */
	};
	rootObject = 548E152E1FD00412001C0D4C /* Project object */;
}
